
Microsoft Visual Studio Solution File, Format Version 12.00
# Visual Studio Version 16
VisualStudioVersion = 16.0.33801.447
MinimumVisualStudioVersion = 10.0.40219.1
Project("{FAE04EC0-301F-11D3-BF4B-00C04F79EFBC}") = "UtazasokCLI", "UtazasokCLI.csproj", "{85B26703-C2F8-411E-A1FD-8F358F6B2265}"
EndProject
Global
	GlobalSection(SolutionConfigurationPlatforms) = preSolution
		Debug|Any CPU = Debug|Any CPU
		Release|Any CPU = Release|Any CPU
	EndGlobalSection
	GlobalSection(ProjectConfigurationPlatforms) = postSolution
		{85B26703-C2F8-411E-A1FD-8F358F6B2265}.Debug|Any CPU.ActiveCfg = Debug|Any CPU
		{85B26703-C2F8-411E-A1FD-8F358F6B2265}.Debug|Any CPU.Build.0 = Debug|Any CPU
		{85B26703-C2F8-411E-A1FD-8F358F6B2265}.Release|Any CPU.ActiveCfg = Release|Any CPU
		{85B26703-C2F8-411E-A1FD-8F358F6B2265}.Release|Any CPU.Build.0 = Release|Any CPU
	EndGlobalSection
	GlobalSection(SolutionProperties) = preSolution
		HideSolutionNode = FALSE
	EndGlobalSection
	GlobalSection(ExtensibilityGlobals) = postSolution
		SolutionGuid = {B71B3B7D-5E92-44FA-9A71-315BD878AFF9}
	EndGlobalSection
EndGlobal
